<?xml version="1.0" encoding="utf-8"?>
<Project ToolsVersion="4.0" xmlns="http://schemas.microsoft.com/developer/msbuild/2003">
  <ItemGroup>
    <Filter Include="소스 파일">
      <UniqueIdentifier>{4FC737F1-C7A5-4376-A066-2A32D752A2FF}</UniqueIdentifier>
      <Extensions>cpp;c;cc;cxx;def;odl;idl;hpj;bat;asm;asmx</Extensions>
    </Filter>
    <Filter Include="헤더 파일">
      <UniqueIdentifier>{93995380-89BD-4b04-88EB-625FBE52EBFB}</UniqueIdentifier>
      <Extensions>h;hh;hpp;hxx;hm;inl;inc;xsd</Extensions>
    </Filter>
    <Filter Include="리소스 파일">
      <UniqueIdentifier>{67DA6AB6-F800-4c08-8B7A-83BB121AAD01}</UniqueIdentifier>
      <Extensions>rc;ico;cur;bmp;dlg;rc2;rct;bin;rgs;gif;jpg;jpeg;jpe;resx;tiff;tif;png;wav;mfcribbon-ms</Extensions>
    </Filter>
    <Filter Include="2DGameFramework">
      <UniqueIdentifier>{560009a9-3456-49f2-9139-7f627e276172}</UniqueIdentifier>
    </Filter>
    <Filter Include="2DGameFramework\singletonBase">
      <UniqueIdentifier>{c863904a-4cb1-4ef3-9402-1d819936edf2}</UniqueIdentifier>
    </Filter>
    <Filter Include="mainGame">
      <UniqueIdentifier>{6546db11-e286-4a7d-b459-d18a1bb146d4}</UniqueIdentifier>
    </Filter>
    <Filter Include="2DGameFramework\Manager">
      <UniqueIdentifier>{d79ff904-af7f-4c10-af16-a269dd83ab9b}</UniqueIdentifier>
    </Filter>
    <Filter Include="2DGameFramework\backBuffer">
      <UniqueIdentifier>{2318e85b-c6b8-43c4-be62-fbc7a57ee248}</UniqueIdentifier>
    </Filter>
    <Filter Include="2DGameFramework\utils">
      <UniqueIdentifier>{397ffe2c-94f0-4b3b-bcc8-a6164a3b0201}</UniqueIdentifier>
    </Filter>
    <Filter Include="2DGameFramework\image">
      <UniqueIdentifier>{9826c364-1bb2-43f7-8d6f-8c84a2b53809}</UniqueIdentifier>
    </Filter>
    <Filter Include="mainGame\bullets">
      <UniqueIdentifier>{4a08ebac-3330-46c8-8820-181f51422c4a}</UniqueIdentifier>
    </Filter>
    <Filter Include="2DGameFramework\progressBar">
      <UniqueIdentifier>{e4e692b1-6f9d-4b15-a929-747feac43694}</UniqueIdentifier>
    </Filter>
    <Filter Include="2DGameFramework\txtData">
      <UniqueIdentifier>{be344286-f0fe-4355-a126-b7ba9034106b}</UniqueIdentifier>
    </Filter>
    <Filter Include="mainGame\pixelCollision">
      <UniqueIdentifier>{423869f5-cdf1-4677-81fa-de3cacc5d354}</UniqueIdentifier>
    </Filter>
    <Filter Include="2DGameFramework\timer">
      <UniqueIdentifier>{ab3daa44-f957-491c-bea4-302722be67f9}</UniqueIdentifier>
    </Filter>
    <Filter Include="2DGameFramework\animation">
      <UniqueIdentifier>{6e8ed98e-1090-463c-9859-98a58569e371}</UniqueIdentifier>
    </Filter>
    <Filter Include="2DGameFramework\effect">
      <UniqueIdentifier>{1a6a6e03-ead2-49e6-be68-e537f30fa896}</UniqueIdentifier>
    </Filter>
    <Filter Include="mainGame\animationTest">
      <UniqueIdentifier>{f20d665c-33fa-4fb4-9fc9-fa788d64f9ac}</UniqueIdentifier>
    </Filter>
    <Filter Include="mainGame\Character">
      <UniqueIdentifier>{785434c3-d8cf-4cfe-9ee9-ab67af948dd9}</UniqueIdentifier>
    </Filter>
    <Filter Include="mainGame\Character\NPC">
      <UniqueIdentifier>{2484ffa7-49cb-4fbd-831a-39d2bff3af8d}</UniqueIdentifier>
    </Filter>
    <Filter Include="mainGame\Character\UI">
      <UniqueIdentifier>{c2fccf1d-bdca-4134-b57c-9d072bba41ef}</UniqueIdentifier>
    </Filter>
    <Filter Include="mainGame\Character\Practice">
      <UniqueIdentifier>{59b761df-4fc5-4d91-b611-590a810f1187}</UniqueIdentifier>
    </Filter>
    <Filter Include="mainGame\Character\POKEMON">
      <UniqueIdentifier>{85dad9c1-2c0e-4c2c-9b77-e1a68d2f8da8}</UniqueIdentifier>
    </Filter>
    <Filter Include="mainGame\Character\POKEMON\SKILL">
      <UniqueIdentifier>{0eb73982-c50e-4329-bbae-b3a538529ccc}</UniqueIdentifier>
    </Filter>
    <Filter Include="mainGame\Character\POKEMON\SKILL\물타입">
      <UniqueIdentifier>{7b035131-6920-44c0-a45d-544111bfd29a}</UniqueIdentifier>
    </Filter>
    <Filter Include="mainGame\Character\POKEMON\SKILL\불타입">
      <UniqueIdentifier>{6de94faa-cd8e-4a12-8f29-9aaf57224bee}</UniqueIdentifier>
    </Filter>
    <Filter Include="mainGame\Character\POKEMON\SKILL\풀타입">
      <UniqueIdentifier>{1b32cbd8-0ac6-4f48-afb7-76bd3b99760a}</UniqueIdentifier>
    </Filter>
    <Filter Include="mainGame\Character\POKEMON\SKILL\전기">
      <UniqueIdentifier>{35a1b8b0-4820-42e6-a5d7-cdf43ad80375}</UniqueIdentifier>
    </Filter>
    <Filter Include="mainGame\Character\POKEMON\SKILL\비행">
      <UniqueIdentifier>{7937dc4f-6940-4b8f-9b2d-8fbe9ad1483a}</UniqueIdentifier>
    </Filter>
    <Filter Include="mainGame\Character\POKEMON\SKILL\땅">
      <UniqueIdentifier>{12740945-5e90-4d1e-9747-aaa1fba4ff9e}</UniqueIdentifier>
    </Filter>
  </ItemGroup>
  <ItemGroup>
    <ClInclude Include="stdafx.h">
      <Filter>헤더 파일</Filter>
    </ClInclude>
    <ClInclude Include="targetver.h">
      <Filter>헤더 파일</Filter>
    </ClInclude>
    <ClInclude Include="resource.h">
      <Filter>헤더 파일</Filter>
    </ClInclude>
    <ClInclude Include="commonMacroFunction.h">
      <Filter>헤더 파일</Filter>
    </ClInclude>
    <ClInclude Include="singletonBase.h">
      <Filter>2DGameFramework\singletonBase</Filter>
    </ClInclude>
    <ClInclude Include="randomFunction.h">
      <Filter>헤더 파일</Filter>
    </ClInclude>
    <ClInclude Include="gameNode.h">
      <Filter>2DGameFramework</Filter>
    </ClInclude>
    <ClInclude Include="mainGame.h">
      <Filter>mainGame</Filter>
    </ClInclude>
    <ClInclude Include="KeyManager.h">
      <Filter>2DGameFramework\Manager</Filter>
    </ClInclude>
    <ClInclude Include="backBuffer.h">
      <Filter>2DGameFramework\backBuffer</Filter>
    </ClInclude>
    <ClInclude Include="utiles.h">
      <Filter>2DGameFramework\utils</Filter>
    </ClInclude>
    <ClInclude Include="image.h">
      <Filter>2DGameFramework\image</Filter>
    </ClInclude>
    <ClInclude Include="Collision.h">
      <Filter>2DGameFramework\utils</Filter>
    </ClInclude>
    <ClInclude Include="imageManager.h">
      <Filter>2DGameFramework\Manager</Filter>
    </ClInclude>
    <ClInclude Include="progressBar.h">
      <Filter>2DGameFramework\progressBar</Filter>
    </ClInclude>
    <ClInclude Include="txtData.h">
      <Filter>2DGameFramework\txtData</Filter>
    </ClInclude>
    <ClInclude Include="pixelCollision.h">
      <Filter>mainGame\pixelCollision</Filter>
    </ClInclude>
    <ClInclude Include="soundManager.h">
      <Filter>2DGameFramework\Manager</Filter>
    </ClInclude>
    <ClInclude Include="timeManager.h">
      <Filter>2DGameFramework\Manager</Filter>
    </ClInclude>
    <ClInclude Include="timer.h">
      <Filter>2DGameFramework\timer</Filter>
    </ClInclude>
    <ClInclude Include="animation.h">
      <Filter>2DGameFramework\animation</Filter>
    </ClInclude>
    <ClInclude Include="effect.h">
      <Filter>2DGameFramework\effect</Filter>
    </ClInclude>
    <ClInclude Include="animationTest.h">
      <Filter>mainGame\animationTest</Filter>
    </ClInclude>
    <ClInclude Include="effectManager.h">
      <Filter>2DGameFramework\Manager</Filter>
    </ClInclude>
    <ClInclude Include="iniDataManager.h">
      <Filter>2DGameFramework\Manager</Filter>
    </ClInclude>
    <ClInclude Include="Charecter.h">
      <Filter>mainGame\Character</Filter>
    </ClInclude>
    <ClInclude Include="Menu.h">
      <Filter>mainGame\Character\UI</Filter>
    </ClInclude>
    <ClInclude Include="practicePlayer.h">
      <Filter>mainGame\Character\Practice</Filter>
    </ClInclude>
    <ClInclude Include="NPC.h">
      <Filter>mainGame\Character\NPC</Filter>
    </ClInclude>
    <ClInclude Include="practiceMap.h">
      <Filter>mainGame\Character\Practice</Filter>
    </ClInclude>
    <ClInclude Include="Unit.h">
      <Filter>mainGame\Character\POKEMON</Filter>
    </ClInclude>
    <ClInclude Include="Techs.h">
      <Filter>mainGame\Character\POKEMON\SKILL</Filter>
    </ClInclude>
    <ClInclude Include="Tech.h">
      <Filter>mainGame\Character\POKEMON\SKILL</Filter>
    </ClInclude>
    <ClInclude Include="Units.h">
      <Filter>mainGame\Character\POKEMON</Filter>
    </ClInclude>
    <ClInclude Include="WaterFall.h">
      <Filter>mainGame\Character\POKEMON\SKILL\물타입</Filter>
    </ClInclude>
  </ItemGroup>
  <ItemGroup>
    <ClCompile Include="stdafx.cpp">
      <Filter>소스 파일</Filter>
    </ClCompile>
    <ClCompile Include="Main.cpp">
      <Filter>소스 파일</Filter>
    </ClCompile>
    <ClCompile Include="gameNode.cpp">
      <Filter>2DGameFramework</Filter>
    </ClCompile>
    <ClCompile Include="mainGame.cpp">
      <Filter>mainGame</Filter>
    </ClCompile>
    <ClCompile Include="KeyManager.cpp">
      <Filter>2DGameFramework\Manager</Filter>
    </ClCompile>
    <ClCompile Include="backBuffer.cpp">
      <Filter>2DGameFramework\backBuffer</Filter>
    </ClCompile>
    <ClCompile Include="utiles.cpp">
      <Filter>2DGameFramework\utils</Filter>
    </ClCompile>
    <ClCompile Include="image.cpp">
      <Filter>2DGameFramework\image</Filter>
    </ClCompile>
    <ClCompile Include="Collision.cpp">
      <Filter>2DGameFramework\utils</Filter>
    </ClCompile>
    <ClCompile Include="imageManager.cpp">
      <Filter>2DGameFramework\Manager</Filter>
    </ClCompile>
    <ClCompile Include="progressBar.cpp">
      <Filter>2DGameFramework\progressBar</Filter>
    </ClCompile>
    <ClCompile Include="txtData.cpp">
      <Filter>2DGameFramework\txtData</Filter>
    </ClCompile>
    <ClCompile Include="pixelCollision.cpp">
      <Filter>mainGame\pixelCollision</Filter>
    </ClCompile>
    <ClCompile Include="soundManager.cpp">
      <Filter>2DGameFramework\Manager</Filter>
    </ClCompile>
    <ClCompile Include="timeManager.cpp">
      <Filter>2DGameFramework\Manager</Filter>
    </ClCompile>
    <ClCompile Include="timer.cpp">
      <Filter>2DGameFramework\timer</Filter>
    </ClCompile>
    <ClCompile Include="animation.cpp">
      <Filter>2DGameFramework\animation</Filter>
    </ClCompile>
    <ClCompile Include="effect.cpp">
      <Filter>2DGameFramework\effect</Filter>
    </ClCompile>
    <ClCompile Include="animationTest.cpp">
      <Filter>mainGame\animationTest</Filter>
    </ClCompile>
    <ClCompile Include="effectManager.cpp">
      <Filter>2DGameFramework\Manager</Filter>
    </ClCompile>
    <ClCompile Include="iniDataManager.cpp">
      <Filter>2DGameFramework\Manager</Filter>
    </ClCompile>
    <ClCompile Include="Charecter.cpp">
      <Filter>mainGame\Character</Filter>
    </ClCompile>
    <ClCompile Include="Menu.cpp">
      <Filter>mainGame\Character\UI</Filter>
    </ClCompile>
    <ClCompile Include="practicePlayer.cpp">
      <Filter>mainGame\Character\Practice</Filter>
    </ClCompile>
    <ClCompile Include="NPC.cpp">
      <Filter>mainGame\Character\NPC</Filter>
    </ClCompile>
    <ClCompile Include="practiceMap.cpp">
      <Filter>mainGame\Character\Practice</Filter>
    </ClCompile>
    <ClCompile Include="Unit.cpp">
      <Filter>mainGame\Character\POKEMON</Filter>
    </ClCompile>
    <ClCompile Include="Tech.cpp">
      <Filter>mainGame\Character\POKEMON\SKILL</Filter>
    </ClCompile>
    <ClCompile Include="Techs.cpp">
      <Filter>mainGame\Character\POKEMON\SKILL</Filter>
    </ClCompile>
    <ClCompile Include="Units.cpp">
      <Filter>mainGame\Character\POKEMON</Filter>
    </ClCompile>
    <ClCompile Include="WaterFall.cpp">
      <Filter>mainGame\Character\POKEMON\SKILL\물타입</Filter>
    </ClCompile>
  </ItemGroup>
  <ItemGroup>
    <ResourceCompile Include="PPPP_0329.rc">
      <Filter>리소스 파일</Filter>
    </ResourceCompile>
  </ItemGroup>
  <ItemGroup>
    <Image Include="small.ico">
      <Filter>리소스 파일</Filter>
    </Image>
    <Image Include="PPPP_0329.ico">
      <Filter>리소스 파일</Filter>
    </Image>
  </ItemGroup>
</Project>